
Microsoft Visual Studio Solution File, Format Version 12.00
Project("{FAE04EC0-301F-11D3-BF4B-00C04F79EFBC}") = "CoffeeShopRush", "CoffeeShopRush\CoffeeShopRush.csproj", "{ECE916E9-A563-48B4-BB74-CD5E3BA8923F}"
EndProject
Global
	GlobalSection(SolutionConfigurationPlatforms) = preSolution
		Debug|Any CPU = Debug|Any CPU
		Release|Any CPU = Release|Any CPU
	EndGlobalSection
	GlobalSection(ProjectConfigurationPlatforms) = postSolution
		{ECE916E9-A563-48B4-BB74-CD5E3BA8923F}.Debug|Any CPU.ActiveCfg = Debug|Any CPU
		{ECE916E9-A563-48B4-BB74-CD5E3BA8923F}.Debug|Any CPU.Build.0 = Debug|Any CPU
		{ECE916E9-A563-48B4-BB74-CD5E3BA8923F}.Release|Any CPU.ActiveCfg = Release|Any CPU
		{ECE916E9-A563-48B4-BB74-CD5E3BA8923F}.Release|Any CPU.Build.0 = Release|Any CPU
	EndGlobalSection
EndGlobal
